
Microsoft Visual Studio Solution File, Format Version 12.00
# Visual Studio Version 17
VisualStudioVersion = 17.12.35707.178 d17.12
MinimumVisualStudioVersion = 10.0.40219.1
Project("{FAE04EC0-301F-11D3-BF4B-00C04F79EFBC}") = "PCHealthDashboard.Server", "PCHealthDashboard.Server\PCHealthDashboard.Server.csproj", "{3A4DA5E1-56BD-4E0F-89D2-EC0D3C6CAAD4}"
EndProject
Project("{54A90642-561A-4BB1-A94E-469ADEE60C69}") = "pchealthdashboard.client", "pchealthdashboard.client\pchealthdashboard.client.esproj", "{9A6A6604-5E71-43C9-92C0-E68405745343}"
EndProject
Global
	GlobalSection(SolutionConfigurationPlatforms) = preSolution
		Debug|Any CPU = Debug|Any CPU
		Release|Any CPU = Release|Any CPU
	EndGlobalSection
	GlobalSection(ProjectConfigurationPlatforms) = postSolution
		{3A4DA5E1-56BD-4E0F-89D2-EC0D3C6CAAD4}.Debug|Any CPU.ActiveCfg = Debug|Any CPU
		{3A4DA5E1-56BD-4E0F-89D2-EC0D3C6CAAD4}.Debug|Any CPU.Build.0 = Debug|Any CPU
		{3A4DA5E1-56BD-4E0F-89D2-EC0D3C6CAAD4}.Release|Any CPU.ActiveCfg = Release|Any CPU
		{3A4DA5E1-56BD-4E0F-89D2-EC0D3C6CAAD4}.Release|Any CPU.Build.0 = Release|Any CPU
		{9A6A6604-5E71-43C9-92C0-E68405745343}.Debug|Any CPU.ActiveCfg = Debug|Any CPU
		{9A6A6604-5E71-43C9-92C0-E68405745343}.Debug|Any CPU.Build.0 = Debug|Any CPU
		{9A6A6604-5E71-43C9-92C0-E68405745343}.Debug|Any CPU.Deploy.0 = Debug|Any CPU
		{9A6A6604-5E71-43C9-92C0-E68405745343}.Release|Any CPU.ActiveCfg = Release|Any CPU
		{9A6A6604-5E71-43C9-92C0-E68405745343}.Release|Any CPU.Build.0 = Release|Any CPU
		{9A6A6604-5E71-43C9-92C0-E68405745343}.Release|Any CPU.Deploy.0 = Release|Any CPU
	EndGlobalSection
	GlobalSection(SolutionProperties) = preSolution
		HideSolutionNode = FALSE
	EndGlobalSection
EndGlobal
